
Microsoft Visual Studio Solution File, Format Version 12.00
# Visual Studio 15
VisualStudioVersion = 15.0.28307.1585
MinimumVisualStudioVersion = 10.0.40219.1
Project("{FAE04EC0-301F-11D3-BF4B-00C04F79EFBC}") = "QuanLyKhachSan.2.1", "QuanLyKhachSan.2.1\QuanLyKhachSan.2.1.csproj", "{35153CF6-45B9-4AB9-A5C1-282B4A33B7F3}"
EndProject
Project("{54435603-DBB4-11D2-8724-00A0C9A8B90C}") = "Setup_QLKS", "Setup_QLKS\Setup_QLKS.vdproj", "{3C1147A2-37DD-4363-9CC8-198502377B7E}"
EndProject
Global
	GlobalSection(SolutionConfigurationPlatforms) = preSolution
		Debug|Any CPU = Debug|Any CPU
		Release|Any CPU = Release|Any CPU
	EndGlobalSection
	GlobalSection(ProjectConfigurationPlatforms) = postSolution
		{35153CF6-45B9-4AB9-A5C1-282B4A33B7F3}.Debug|Any CPU.ActiveCfg = Debug|Any CPU
		{35153CF6-45B9-4AB9-A5C1-282B4A33B7F3}.Debug|Any CPU.Build.0 = Debug|Any CPU
		{35153CF6-45B9-4AB9-A5C1-282B4A33B7F3}.Release|Any CPU.ActiveCfg = Release|Any CPU
		{35153CF6-45B9-4AB9-A5C1-282B4A33B7F3}.Release|Any CPU.Build.0 = Release|Any CPU
		{3C1147A2-37DD-4363-9CC8-198502377B7E}.Debug|Any CPU.ActiveCfg = Debug
		{3C1147A2-37DD-4363-9CC8-198502377B7E}.Release|Any CPU.ActiveCfg = Release
	EndGlobalSection
	GlobalSection(SolutionProperties) = preSolution
		HideSolutionNode = FALSE
	EndGlobalSection
	GlobalSection(ExtensibilityGlobals) = postSolution
		SolutionGuid = {6EA99F3E-16A6-4414-8CA5-3F9230BD3767}
	EndGlobalSection
EndGlobal
